
Microsoft Visual Studio Solution File, Format Version 12.00
# Visual Studio Version 17
VisualStudioVersion = 17.14.36408.4 d17.14
MinimumVisualStudioVersion = 10.0.40219.1
Project("{FAE04EC0-301F-11D3-BF4B-00C04F79EFBC}") = "PenToMouseBackend", "PenToMouseBackend\PenToMouseBackend.csproj", "{2C143371-C210-4545-A6A1-199BFF02117C}"
EndProject
Global
	GlobalSection(SolutionConfigurationPlatforms) = preSolution
		Debug|Any CPU = Debug|Any CPU
		Release|Any CPU = Release|Any CPU
	EndGlobalSection
	GlobalSection(ProjectConfigurationPlatforms) = postSolution
		{2C143371-C210-4545-A6A1-199BFF02117C}.Debug|Any CPU.ActiveCfg = Debug|Any CPU
		{2C143371-C210-4545-A6A1-199BFF02117C}.Debug|Any CPU.Build.0 = Debug|Any CPU
		{2C143371-C210-4545-A6A1-199BFF02117C}.Release|Any CPU.ActiveCfg = Release|Any CPU
		{2C143371-C210-4545-A6A1-199BFF02117C}.Release|Any CPU.Build.0 = Release|Any CPU
	EndGlobalSection
	GlobalSection(SolutionProperties) = preSolution
		HideSolutionNode = FALSE
	EndGlobalSection
	GlobalSection(ExtensibilityGlobals) = postSolution
		SolutionGuid = {D62EF63B-FF3B-4D9F-8FE6-C29521C61C02}
	EndGlobalSection
EndGlobal
